
Microsoft Visual Studio Solution File, Format Version 12.00
# Visual Studio 15
VisualStudioVersion = 15.0.26430.12
MinimumVisualStudioVersion = 10.0.40219.1
Project("{FAE04EC0-301F-11D3-BF4B-00C04F79EFBC}") = "ThreadPool(LeaderFollower)", "ThreadPool(LeaderFollower)\ThreadPool(LeaderFollower).csproj", "{A52B96AA-13C3-4677-BB15-366365A7DD79}"
EndProject
Project("{2150E333-8FDC-42A3-9474-1A3956D46DE8}") = "Solution Items", "Solution Items", "{311ED476-5525-43FD-A423-324677525FFA}"
	ProjectSection(SolutionItems) = preProject
		CodeMap.dgml = CodeMap.dgml
	EndProjectSection
EndProject
Global
	GlobalSection(SolutionConfigurationPlatforms) = preSolution
		Debug|Any CPU = Debug|Any CPU
		Release|Any CPU = Release|Any CPU
	EndGlobalSection
	GlobalSection(ProjectConfigurationPlatforms) = postSolution
		{A52B96AA-13C3-4677-BB15-366365A7DD79}.Debug|Any CPU.ActiveCfg = Debug|Any CPU
		{A52B96AA-13C3-4677-BB15-366365A7DD79}.Debug|Any CPU.Build.0 = Debug|Any CPU
		{A52B96AA-13C3-4677-BB15-366365A7DD79}.Release|Any CPU.ActiveCfg = Release|Any CPU
		{A52B96AA-13C3-4677-BB15-366365A7DD79}.Release|Any CPU.Build.0 = Release|Any CPU
	EndGlobalSection
	GlobalSection(SolutionProperties) = preSolution
		HideSolutionNode = FALSE
	EndGlobalSection
EndGlobal
